dependencies:
  espp/base_component:
    component_hash: bf0ae988a3c2899e09207ecc278619ede7811af0e3628ee957893c643ee97f95
    dependencies:
    - name: espp/logger
      registry_url: https://components.espressif.com
      require: private
      version: '>=1.0'
    - name: idf
      require: private
      version: '>=5.0'
    source:
      registry_url: https://components.espressif.com
      type: service
    version: 1.1.8
  espp/base_peripheral:
    component_hash: dea5a9a445ae7eccd284525ad9cb333ed8f71c22135a68bc79f2011aa0bf32fe
    dependencies:
    - name: espp/base_component
      registry_url: https://components.espressif.com
      require: private
      version: '>=1.0'
    - name: idf
      require: private
      version: '>=5.0'
    source:
      registry_url: https://components.espressif.com
      type: service
    version: 1.1.8
  espp/bdc_driver:
    component_hash: d9ecb2bd2f9a0838b6492652d526598e66aa531c85f44e1b4759b59fa549ebf9
    dependencies:
    - name: espp/base_component
      registry_url: https://components.espressif.com
      require: private
      version: '>=1.0'
    - name: idf
      require: private
      version: '>=5.0'
    source:
      registry_url: https://components.espressif.com
      type: service
    version: 1.1.8
  espp/cli:
    component_hash: 4125a1384d4875a0c9c9fe56d616db3dadfd3bd75823215e5466cc5f86496a77
    dependencies:
    - name: espp/logger
      registry_url: https://components.espressif.com
      require: private
      version: '>=1.0'
    - name: idf
      require: private
      version: '>=5.0'
    source:
      registry_url: https://components.espressif.com
      type: service
    version: 1.1.8
  espp/format:
    component_hash: 2e56a327f5a5dcc34768a4b0dfd5f97db746826f302217cae8091233598092fe
    dependencies:
    - name: idf
      require: private
      version: '>=5.0'
    source:
      registry_url: https://components.espressif.com
      type: service
    version: 1.1.8
  espp/i2c:
    component_hash: 9d2b12feab096bbd13dd133f80c287e9221a686a5074ace8ac3d7b8f4f1e42af
    dependencies:
    - name: espp/base_component
      registry_url: https://components.espressif.com
      require: private
      version: '>=1.0'
    - name: espp/cli
      registry_url: https://components.espressif.com
      require: private
      version: '>=1.0'
    - name: espp/task
      registry_url: https://components.espressif.com
      require: private
      version: '>=1.0'
    - name: idf
      require: private
      version: '>=5.0'
    source:
      registry_url: https://components.espressif.com
      type: service
    version: 1.1.8
  espp/led:
    component_hash: 552d1aebf62d6152348c52f12d3fab7cdc0df355875df73eaf35774e99093078
    dependencies:
    - name: espp/base_component
      registry_url: https://components.espressif.com
      require: private
      version: '>=1.0'
    - name: espp/task
      registry_url: https://components.espressif.com
      require: private
      version: '>=1.0'
    - name: idf
      require: private
      version: '>=5.0'
    source:
      registry_url: https://components.espressif.com
      type: service
    version: 1.1.8
  espp/logger:
    component_hash: 4d7ddd30b22b5f77570853456b5a786715ca54bb23324152fce84254b6a9c6ef
    dependencies:
    - name: espp/format
      registry_url: https://components.espressif.com
      require: private
      version: '>=1.0'
    - name: idf
      require: private
      version: '>=5.0'
    source:
      registry_url: https://components.espressif.com
      type: service
    version: 1.1.8
  espp/lsm6dso:
    component_hash: 410c081551ae5b34fff23dea015b3229d9ece356c297400b6fdf457ce98459d4
    dependencies:
    - name: espp/base_peripheral
      registry_url: https://components.espressif.com
      require: private
      version: '>=1.0'
    - name: espp/math
      registry_url: https://components.espressif.com
      require: private
      version: '>=1.0'
    - name: idf
      require: private
      version: '>=5.0'
    source:
      registry_url: https://components.espressif.com
      type: service
    version: 1.1.8
  espp/math:
    component_hash: 78baafaa272ec218e1a9af1b6b85eae4cbe62b390ca35183246cf9c313d10aff
    dependencies:
    - name: espp/format
      registry_url: https://components.espressif.com
      require: private
      version: '>=1.0'
    - name: idf
      require: private
      version: '>=5.0'
    source:
      registry_url: https://components.espressif.com
      type: service
    version: 1.1.8
  espp/motorgo-plink:
    component_hash: 25723a5c935a9ce9b3e37e06c55ebbfb13ef7a230cf0f6f973423a232d4a9a13
    dependencies:
    - name: espp/base_component
      registry_url: https://components.espressif.com
      require: private
      version: '>=1.0'
    - name: espp/bdc_driver
      registry_url: https://components.espressif.com
      require: private
      version: '>=1.0'
    - name: espp/i2c
      registry_url: https://components.espressif.com
      require: private
      version: '>=1.0'
    - name: espp/led
      registry_url: https://components.espressif.com
      require: private
      version: '>=1.0'
    - name: espp/lsm6dso
      registry_url: https://components.espressif.com
      require: private
      version: '>=1.0'
    - name: espp/math
      registry_url: https://components.espressif.com
      require: private
      version: '>=1.0'
    - name: espp/mt6701
      registry_url: https://components.espressif.com
      require: private
      version: '>=1.0'
    - name: espp/spi
      registry_url: https://components.espressif.com
      require: private
      version: '>=1.0'
    - name: espp/task
      registry_url: https://components.espressif.com
      require: private
      version: '>=1.0'
    - name: idf
      require: private
      version: '>=5.0'
    source:
      registry_url: https://components.espressif.com/
      type: service
    targets:
    - esp32s3
    version: 1.1.8
  espp/mt6701:
    component_hash: e8573572c19032e9a98429da7d44a800701b64511b46aaa10eef6776faf85aeb
    dependencies:
    - name: espp/base_peripheral
      registry_url: https://components.espressif.com
      require: private
      version: '>=1.0'
    - name: espp/timer
      registry_url: https://components.espressif.com
      require: private
      version: '>=1.0'
    - name: idf
      require: private
      version: '>=5.0'
    source:
      registry_url: https://components.espressif.com
      type: service
    version: 1.1.8
  espp/spi:
    component_hash: b8237ecdd0126b5d57fb99b1bddc60315de6d3fd17f11e885fac1f51d921f452
    dependencies:
    - name: espp/base_component
      registry_url: https://components.espressif.com
      require: private
      version: '>=1.0'
    - name: espp/task
      registry_url: https://components.espressif.com
      require: private
      version: '>=1.0'
    - name: idf
      require: private
      version: '>=5.0'
    source:
      registry_url: https://components.espressif.com
      type: service
    version: 1.1.8
  espp/task:
    component_hash: abefb41c2341680c630e5e3b6ec8be26866b98ca4f190f0257ee9dbd64d64dc7
    dependencies:
    - name: espp/base_component
      registry_url: https://components.espressif.com
      require: private
      version: '>=1.0'
    - name: idf
      require: private
      version: '>=5.0'
    source:
      registry_url: https://components.espressif.com/
      type: service
    version: 1.1.8
  espp/timer:
    component_hash: 5c9c0d6d63d816fb74a08f33f201d4e1806b2b28a12684467bdca78886be11a1
    dependencies:
    - name: espp/task
      registry_url: https://components.espressif.com
      require: private
      version: '>=1.0'
    - name: idf
      require: private
      version: '>=5.0'
    source:
      registry_url: https://components.espressif.com
      type: service
    version: 1.1.8
  idf:
    source:
      type: idf
    version: 5.5.4
direct_dependencies:
- espp/motorgo-plink
- espp/task
- idf
manifest_hash: 49051daa47f3b2dd1d302445bb119855e59661d657bcb3dce53aa1e910f452f9
target: esp32s3
version: 2.0.0
